// !$*UTF8*$!
{
	archiveVersion = 1;
	classes = {
	};
	objectVersion = 56;
	objects = {

/* Begin PBXBuildFile section */
		533CD8A82D89A923002CE519 /* LocationPreviewView.swift in Sources */ = {isa = PBXBuildFile; fileRef = 533CD8A72D89A923002CE519 /* LocationPreviewView.swift */; };
		537E605F2D8FB920004A4832 /* LocationDetailView.swift in Sources */ = {isa = PBXBuildFile; fileRef = 537E605E2D8FB920004A4832 /* LocationDetailView.swift */; };
		53BFE30F2D86E45A009A1AED /* map_appApp.swift in Sources */ = {isa = PBXBuildFile; fileRef = 53BFE30E2D86E45A009A1AED /* map_appApp.swift */; };
		53BFE3112D86E45A009A1AED /* ContentView.swift in Sources */ = {isa = PBXBuildFile; fileRef = 53BFE3102D86E45A009A1AED /* ContentView.swift */; };
		53BFE3162D86E45C009A1AED /* Preview Assets.xcassets in Resources */ = {isa = PBXBuildFile; fileRef = 53BFE3152D86E45C009A1AED /* Preview Assets.xcassets */; };
		53BFE31D2D86E54E009A1AED /* Assets.xcassets in Resources */ = {isa = PBXBuildFile; fileRef = 53BFE31C2D86E54E009A1AED /* Assets.xcassets */; };
		53BFE3222D86E5E9009A1AED /* Location.swift in Sources */ = {isa = PBXBuildFile; fileRef = 53BFE3212D86E5E9009A1AED /* Location.swift */; };
		53BFE3262D86E6EE009A1AED /* LocationsDummy.swift in Sources */ = {isa = PBXBuildFile; fileRef = 53BFE3252D86E6EE009A1AED /* LocationsDummy.swift */; };
		53BFE3282D86E7B0009A1AED /* LocationsView.swift in Sources */ = {isa = PBXBuildFile; fileRef = 53BFE3272D86E7B0009A1AED /* LocationsView.swift */; };
		53BFE32A2D86EB99009A1AED /* LocationsViewModel.swift in Sources */ = {isa = PBXBuildFile; fileRef = 53BFE3292D86EB99009A1AED /* LocationsViewModel.swift */; };
		53BFE32E2D870D91009A1AED /* LocationsListView.swift in Sources */ = {isa = PBXBuildFile; fileRef = 53BFE32D2D870D91009A1AED /* LocationsListView.swift */; };
		53F212E12D8B254F00018CD0 /* LocationMapAnnotationView.swift in Sources */ = {isa = PBXBuildFile; fileRef = 53F212E02D8B254F00018CD0 /* LocationMapAnnotationView.swift */; };
/* End PBXBuildFile section */

/* Begin PBXFileReference section */
		533CD8A72D89A923002CE519 /* LocationPreviewView.swift */ = {isa = PBXFileReference; lastKnownFileType = sourcecode.swift; path = LocationPreviewView.swift; sourceTree = "<group>"; };
		537E605E2D8FB920004A4832 /* LocationDetailView.swift */ = {isa = PBXFileReference; lastKnownFileType = sourcecode.swift; path = LocationDetailView.swift; sourceTree = "<group>"; };
		53BFE30B2D86E45A009A1AED /* map_app.app */ = {isa = PBXFileReference; explicitFileType = wrapper.application; includeInIndex = 0; path = map_app.app; sourceTree = BUILT_PRODUCTS_DIR; };
		53BFE30E2D86E45A009A1AED /* map_appApp.swift */ = {isa = PBXFileReference; lastKnownFileType = sourcecode.swift; path = map_appApp.swift; sourceTree = "<group>"; };
		53BFE3102D86E45A009A1AED /* ContentView.swift */ = {isa = PBXFileReference; lastKnownFileType = sourcecode.swift; path = ContentView.swift; sourceTree = "<group>"; };
		53BFE3152D86E45C009A1AED /* Preview Assets.xcassets */ = {isa = PBXFileReference; lastKnownFileType = folder.assetcatalog; path = "Preview Assets.xcassets"; sourceTree = "<group>"; };
		53BFE31C2D86E54E009A1AED /* Assets.xcassets */ = {isa = PBXFileReference; lastKnownFileType = folder.assetcatalog; path = Assets.xcassets; sourceTree = "<group>"; };
		53BFE3212D86E5E9009A1AED /* Location.swift */ = {isa = PBXFileReference; lastKnownFileType = sourcecode.swift; path = Location.swift; sourceTree = "<group>"; };
		53BFE3252D86E6EE009A1AED /* LocationsDummy.swift */ = {isa = PBXFileReference; fileEncoding = 4; lastKnownFileType = sourcecode.swift; path = LocationsDummy.swift; sourceTree = "<group>"; };
		53BFE3272D86E7B0009A1AED /* LocationsView.swift */ = {isa = PBXFileReference; lastKnownFileType = sourcecode.swift; path = LocationsView.swift; sourceTree = "<group>"; };
		53BFE3292D86EB99009A1AED /* LocationsViewModel.swift */ = {isa = PBXFileReference; lastKnownFileType = sourcecode.swift; path = LocationsViewModel.swift; sourceTree = "<group>"; };
		53BFE32D2D870D91009A1AED /* LocationsListView.swift */ = {isa = PBXFileReference; lastKnownFileType = sourcecode.swift; path = LocationsListView.swift; sourceTree = "<group>"; };
		53F212E02D8B254F00018CD0 /* LocationMapAnnotationView.swift */ = {isa = PBXFileReference; lastKnownFileType = sourcecode.swift; path = LocationMapAnnotationView.swift; sourceTree = "<group>"; };
/* End PBXFileReference section */

/* Begin PBXFrameworksBuildPhase section */
		53BFE3082D86E45A009A1AED /* Frameworks */ = {
			isa = PBXFrameworksBuildPhase;
			buildActionMask = 2147483647;
			files = (
			);
			runOnlyForDeploymentPostprocessing = 0;
		};
/* End PBXFrameworksBuildPhase section */

/* Begin PBXGroup section */
		53BFE3022D86E45A009A1AED = {
			isa = PBXGroup;
			children = (
				53BFE30D2D86E45A009A1AED /* map_app */,
				53BFE30C2D86E45A009A1AED /* Products */,
			);
			sourceTree = "<group>";
		};
		53BFE30C2D86E45A009A1AED /* Products */ = {
			isa = PBXGroup;
			children = (
				53BFE30B2D86E45A009A1AED /* map_app.app */,
			);
			name = Products;
			sourceTree = "<group>";
		};
		53BFE30D2D86E45A009A1AED /* map_app */ = {
			isa = PBXGroup;
			children = (
				53BFE3242D86E6E0009A1AED /* Dummy */,
				53BFE3232D86E6B8009A1AED /* Repositories */,
				53BFE31F2D86E5AD009A1AED /* ViewModels */,
				53BFE3202D86E5B3009A1AED /* Views */,
				53BFE31E2D86E5A8009A1AED /* Models */,
				53BFE31C2D86E54E009A1AED /* Assets.xcassets */,
				53BFE30E2D86E45A009A1AED /* map_appApp.swift */,
				53BFE3102D86E45A009A1AED /* ContentView.swift */,
				53BFE3142D86E45C009A1AED /* Preview Content */,
			);
			path = map_app;
			sourceTree = "<group>";
		};
		53BFE3142D86E45C009A1AED /* Preview Content */ = {
			isa = PBXGroup;
			children = (
				53BFE3152D86E45C009A1AED /* Preview Assets.xcassets */,
			);
			path = "Preview Content";
			sourceTree = "<group>";
		};
		53BFE31E2D86E5A8009A1AED /* Models */ = {
			isa = PBXGroup;
			children = (
				53BFE3212D86E5E9009A1AED /* Location.swift */,
			);
			path = Models;
			sourceTree = "<group>";
		};
		53BFE31F2D86E5AD009A1AED /* ViewModels */ = {
			isa = PBXGroup;
			children = (
				53BFE3292D86EB99009A1AED /* LocationsViewModel.swift */,
			);
			path = ViewModels;
			sourceTree = "<group>";
		};
		53BFE3202D86E5B3009A1AED /* Views */ = {
			isa = PBXGroup;
			children = (
				53BFE3272D86E7B0009A1AED /* LocationsView.swift */,
				53BFE32D2D870D91009A1AED /* LocationsListView.swift */,
				533CD8A72D89A923002CE519 /* LocationPreviewView.swift */,
				53F212E02D8B254F00018CD0 /* LocationMapAnnotationView.swift */,
				537E605E2D8FB920004A4832 /* LocationDetailView.swift */,
			);
			path = Views;
			sourceTree = "<group>";
		};
		53BFE3232D86E6B8009A1AED /* Repositories */ = {
			isa = PBXGroup;
			children = (
			);
			path = Repositories;
			sourceTree = "<group>";
		};
		53BFE3242D86E6E0009A1AED /* Dummy */ = {
			isa = PBXGroup;
			children = (
				53BFE3252D86E6EE009A1AED /* LocationsDummy.swift */,
			);
			path = Dummy;
			sourceTree = "<group>";
		};
/* End PBXGroup section */

/* Begin PBXNativeTarget section */
		53BFE30A2D86E45A009A1AED /* map_app */ = {
			isa = PBXNativeTarget;
			buildConfigurationList = 53BFE3192D86E45C009A1AED /* Build configuration list for PBXNativeTarget "map_app" */;
			buildPhases = (
				53BFE3072D86E45A009A1AED /* Sources */,
				53BFE3082D86E45A009A1AED /* Frameworks */,
				53BFE3092D86E45A009A1AED /* Resources */,
			);
			buildRules = (
			);
			dependencies = (
			);
			name = map_app;
			productName = map_app;
			productReference = 53BFE30B2D86E45A009A1AED /* map_app.app */;
			productType = "com.apple.product-type.application";
		};
/* End PBXNativeTarget section */

/* Begin PBXProject section */
		53BFE3032D86E45A009A1AED /* Project object */ = {
			isa = PBXProject;
			attributes = {
				BuildIndependentTargetsInParallel = 1;
				LastSwiftUpdateCheck = 1530;
				LastUpgradeCheck = 1530;
				TargetAttributes = {
					53BFE30A2D86E45A009A1AED = {
						CreatedOnToolsVersion = 15.3;
					};
				};
			};
			buildConfigurationList = 53BFE3062D86E45A009A1AED /* Build configuration list for PBXProject "map_app" */;
			compatibilityVersion = "Xcode 14.0";
			developmentRegion = en;
			hasScannedForEncodings = 0;
			knownRegions = (
				en,
				Base,
			);
			mainGroup = 53BFE3022D86E45A009A1AED;
			productRefGroup = 53BFE30C2D86E45A009A1AED /* Products */;
			projectDirPath = "";
			projectRoot = "";
			targets = (
				53BFE30A2D86E45A009A1AED /* map_app */,
			);
		};
/* End PBXProject section */

/* Begin PBXResourcesBuildPhase section */
		53BFE3092D86E45A009A1AED /* Resources */ = {
			isa = PBXResourcesBuildPhase;
			buildActionMask = 2147483647;
			files = (
				53BFE31D2D86E54E009A1AED /* Assets.xcassets in Resources */,
				53BFE3162D86E45C009A1AED /* Preview Assets.xcassets in Resources */,
			);
			runOnlyForDeploymentPostprocessing = 0;
		};
/* End PBXResourcesBuildPhase section */

/* Begin PBXSourcesBuildPhase section */
		53BFE3072D86E45A009A1AED /* Sources */ = {
			isa = PBXSourcesBuildPhase;
			buildActionMask = 2147483647;
			files = (
				53BFE3262D86E6EE009A1AED /* LocationsDummy.swift in Sources */,
				53F212E12D8B254F00018CD0 /* LocationMapAnnotationView.swift in Sources */,
				53BFE32E2D870D91009A1AED /* LocationsListView.swift in Sources */,
				533CD8A82D89A923002CE519 /* LocationPreviewView.swift in Sources */,
				53BFE32A2D86EB99009A1AED /* LocationsViewModel.swift in Sources */,
				53BFE3112D86E45A009A1AED /* ContentView.swift in Sources */,
				53BFE3282D86E7B0009A1AED /* LocationsView.swift in Sources */,
				53BFE3222D86E5E9009A1AED /* Location.swift in Sources */,
				537E605F2D8FB920004A4832 /* LocationDetailView.swift in Sources */,
				53BFE30F2D86E45A009A1AED /* map_appApp.swift in Sources */,
			);
			runOnlyForDeploymentPostprocessing = 0;
		};
/* End PBXSourcesBuildPhase section */

/* Begin XCBuildConfiguration section */
		53BFE3172D86E45C009A1AED /* Debug */ = {
			isa = XCBuildConfiguration;
			buildSettings = {
				ALWAYS_SEARCH_USER_PATHS = NO;
				ASSETCATALOG_COMPILER_GENERATE_SWIFT_ASSET_SYMBOL_EXTENSIONS = YES;
				CLANG_ANALYZER_NONNULL = YES;
				CLANG_ANALYZER_NUMBER_OBJECT_CONVERSION = YES_AGGRESSIVE;
				CLANG_CXX_LANGUAGE_STANDARD = "gnu++20";
				CLANG_ENABLE_MODULES = YES;
				CLANG_ENABLE_OBJC_ARC = YES;
				CLANG_ENABLE_OBJC_WEAK = YES;
				CLANG_WARN_BLOCK_CAPTURE_AUTORELEASING = YES;
				CLANG_WARN_BOOL_CONVERSION = YES;
				CLANG_WARN_COMMA = YES;
				CLANG_WARN_CONSTANT_CONVERSION = YES;
				CLANG_WARN_DEPRECATED_OBJC_IMPLEMENTATIONS = YES;
				CLANG_WARN_DIRECT_OBJC_ISA_USAGE = YES_ERROR;
				CLANG_WARN_DOCUMENTATION_COMMENTS = YES;
				CLANG_WARN_EMPTY_BODY = YES;
				CLANG_WARN_ENUM_CONVERSION = YES;
				CLANG_WARN_INFINITE_RECURSION = YES;
				CLANG_WARN_INT_CONVERSION = YES;
				CLANG_WARN_NON_LITERAL_NULL_CONVERSION = YES;
				CLANG_WARN_OBJC_IMPLICIT_RETAIN_SELF = YES;
				CLANG_WARN_OBJC_LITERAL_CONVERSION = YES;
				CLANG_WARN_OBJC_ROOT_CLASS = YES_ERROR;
				CLANG_WARN_QUOTED_INCLUDE_IN_FRAMEWORK_HEADER = YES;
				CLANG_WARN_RANGE_LOOP_ANALYSIS = YES;
				CLANG_WARN_STRICT_PROTOTYPES = YES;
				CLANG_WARN_SUSPICIOUS_MOVE = YES;
				CLANG_WARN_UNGUARDED_AVAILABILITY = YES_AGGRESSIVE;
				CLANG_WARN_UNREACHABLE_CODE = YES;
				CLANG_WARN__DUPLICATE_METHOD_MATCH = YES;
				COPY_PHASE_STRIP = NO;
				DEBUG_INFORMATION_FORMAT = dwarf;
				ENABLE_STRICT_OBJC_MSGSEND = YES;
				ENABLE_TESTABILITY = YES;
				ENABLE_USER_SCRIPT_SANDBOXING = YES;
				GCC_C_LANGUAGE_STANDARD = gnu17;
				GCC_DYNAMIC_NO_PIC = NO;
				GCC_NO_COMMON_BLOCKS = YES;
				GCC_OPTIMIZATION_LEVEL = 0;
				GCC_PREPROCESSOR_DEFINITIONS = (
					"DEBUG=1",
					"$(inherited)",
				);
				GCC_WARN_64_TO_32_BIT_CONVERSION = YES;
				GCC_WARN_ABOUT_RETURN_TYPE = YES_ERROR;
				GCC_WARN_UNDECLARED_SELECTOR = YES;
				GCC_WARN_UNINITIALIZED_AUTOS = YES_AGGRESSIVE;
				GCC_WARN_UNUSED_FUNCTION = YES;
				GCC_WARN_UNUSED_VARIABLE = YES;
				IPHONEOS_DEPLOYMENT_TARGET = 17.4;
				LOCALIZATION_PREFERS_STRING_CATALOGS = YES;
				MTL_ENABLE_DEBUG_INFO = INCLUDE_SOURCE;
				MTL_FAST_MATH = YES;
				ONLY_ACTIVE_ARCH = YES;
				SDKROOT = iphoneos;
				SWIFT_ACTIVE_COMPILATION_CONDITIONS = "DEBUG $(inherited)";
				SWIFT_OPTIMIZATION_LEVEL = "-Onone";
			};
			name = Debug;
		};
		53BFE3182D86E45C009A1AED /* Release */ = {
			isa = XCBuildConfiguration;
			buildSettings = {
				ALWAYS_SEARCH_USER_PATHS = NO;
				ASSETCATALOG_COMPILER_GENERATE_SWIFT_ASSET_SYMBOL_EXTENSIONS = YES;
				CLANG_ANALYZER_NONNULL = YES;
				CLANG_ANALYZER_NUMBER_OBJECT_CONVERSION = YES_AGGRESSIVE;
				CLANG_CXX_LANGUAGE_STANDARD = "gnu++20";
				CLANG_ENABLE_MODULES = YES;
				CLANG_ENABLE_OBJC_ARC = YES;
				CLANG_ENABLE_OBJC_WEAK = YES;
				CLANG_WARN_BLOCK_CAPTURE_AUTORELEASING = YES;
				CLANG_WARN_BOOL_CONVERSION = YES;
				CLANG_WARN_COMMA = YES;
				CLANG_WARN_CONSTANT_CONVERSION = YES;
				CLANG_WARN_DEPRECATED_OBJC_IMPLEMENTATIONS = YES;
				CLANG_WARN_DIRECT_OBJC_ISA_USAGE = YES_ERROR;
				CLANG_WARN_DOCUMENTATION_COMMENTS = YES;
				CLANG_WARN_EMPTY_BODY = YES;
				CLANG_WARN_ENUM_CONVERSION = YES;
				CLANG_WARN_INFINITE_RECURSION = YES;
				CLANG_WARN_INT_CONVERSION = YES;
				CLANG_WARN_NON_LITERAL_NULL_CONVERSION = YES;
				CLANG_WARN_OBJC_IMPLICIT_RETAIN_SELF = YES;
				CLANG_WARN_OBJC_LITERAL_CONVERSION = YES;
				CLANG_WARN_OBJC_ROOT_CLASS = YES_ERROR;
				CLANG_WARN_QUOTED_INCLUDE_IN_FRAMEWORK_HEADER = YES;
				CLANG_WARN_RANGE_LOOP_ANALYSIS = YES;
				CLANG_WARN_STRICT_PROTOTYPES = YES;
				CLANG_WARN_SUSPICIOUS_MOVE = YES;
				CLANG_WARN_UNGUARDED_AVAILABILITY = YES_AGGRESSIVE;
				CLANG_WARN_UNREACHABLE_CODE = YES;
				CLANG_WARN__DUPLICATE_METHOD_MATCH = YES;
				COPY_PHASE_STRIP = NO;
				DEBUG_INFORMATION_FORMAT = "dwarf-with-dsym";
				ENABLE_NS_ASSERTIONS = NO;
				ENABLE_STRICT_OBJC_MSGSEND = YES;
				ENABLE_USER_SCRIPT_SANDBOXING = YES;
				GCC_C_LANGUAGE_STANDARD = gnu17;
				GCC_NO_COMMON_BLOCKS = YES;
				GCC_WARN_64_TO_32_BIT_CONVERSION = YES;
				GCC_WARN_ABOUT_RETURN_TYPE = YES_ERROR;
				GCC_WARN_UNDECLARED_SELECTOR = YES;
				GCC_WARN_UNINITIALIZED_AUTOS = YES_AGGRESSIVE;
				GCC_WARN_UNUSED_FUNCTION = YES;
				GCC_WARN_UNUSED_VARIABLE = YES;
				IPHONEOS_DEPLOYMENT_TARGET = 17.4;
				LOCALIZATION_PREFERS_STRING_CATALOGS = YES;
				MTL_ENABLE_DEBUG_INFO = NO;
				MTL_FAST_MATH = YES;
				SDKROOT = iphoneos;
				SWIFT_COMPILATION_MODE = wholemodule;
				VALIDATE_PRODUCT = YES;
			};
			name = Release;
		};
		53BFE31A2D86E45C009A1AED /* Debug */ = {
			isa = XCBuildConfiguration;
			buildSettings = {
				ASSETCATALOG_COMPILER_APPICON_NAME = AppIcon;
				ASSETCATALOG_COMPILER_GLOBAL_ACCENT_COLOR_NAME = AccentColor;
				CODE_SIGN_STYLE = Automatic;
				CURRENT_PROJECT_VERSION = 1;
				DEVELOPMENT_ASSET_PATHS = "\"map_app/Preview Content\"";
				ENABLE_PREVIEWS = YES;
				GENERATE_INFOPLIST_FILE = YES;
				INFOPLIST_KEY_UIApplicationSceneManifest_Generation = YES;
				INFOPLIST_KEY_UIApplicationSupportsIndirectInputEvents = YES;
				INFOPLIST_KEY_UILaunchScreen_Generation = YES;
				INFOPLIST_KEY_UISupportedInterfaceOrientations_iPad = "UIInterfaceOrientationPortrait UIInterfaceOrientationPortraitUpsideDown UIInterfaceOrientationLandscapeLeft UIInterfaceOrientationLandscapeRight";
				INFOPLIST_KEY_UISupportedInterfaceOrientations_iPhone = "UIInterfaceOrientationPortrait UIInterfaceOrientationLandscapeLeft UIInterfaceOrientationLandscapeRight";
				LD_RUNPATH_SEARCH_PATHS = (
					"$(inherited)",
					"@executable_path/Frameworks",
				);
				MARKETING_VERSION = 1.0;
				PRODUCT_BUNDLE_IDENTIFIER = "com.imdung.map-app";
				PRODUCT_NAME = "$(TARGET_NAME)";
				SWIFT_EMIT_LOC_STRINGS = YES;
				SWIFT_VERSION = 5.0;
				TARGETED_DEVICE_FAMILY = "1,2";
			};
			name = Debug;
		};
		53BFE31B2D86E45C009A1AED /* Release */ = {
			isa = XCBuildConfiguration;
			buildSettings = {
				ASSETCATALOG_COMPILER_APPICON_NAME = AppIcon;
				ASSETCATALOG_COMPILER_GLOBAL_ACCENT_COLOR_NAME = AccentColor;
				CODE_SIGN_STYLE = Automatic;
				CURRENT_PROJECT_VERSION = 1;
				DEVELOPMENT_ASSET_PATHS = "\"map_app/Preview Content\"";
				ENABLE_PREVIEWS = YES;
				GENERATE_INFOPLIST_FILE = YES;
				INFOPLIST_KEY_UIApplicationSceneManifest_Generation = YES;
				INFOPLIST_KEY_UIApplicationSupportsIndirectInputEvents = YES;
				INFOPLIST_KEY_UILaunchScreen_Generation = YES;
				INFOPLIST_KEY_UISupportedInterfaceOrientations_iPad = "UIInterfaceOrientationPortrait UIInterfaceOrientationPortraitUpsideDown UIInterfaceOrientationLandscapeLeft UIInterfaceOrientationLandscapeRight";
				INFOPLIST_KEY_UISupportedInterfaceOrientations_iPhone = "UIInterfaceOrientationPortrait UIInterfaceOrientationLandscapeLeft UIInterfaceOrientationLandscapeRight";
				LD_RUNPATH_SEARCH_PATHS = (
					"$(inherited)",
					"@executable_path/Frameworks",
				);
				MARKETING_VERSION = 1.0;
				PRODUCT_BUNDLE_IDENTIFIER = "com.imdung.map-app";
				PRODUCT_NAME = "$(TARGET_NAME)";
				SWIFT_EMIT_LOC_STRINGS = YES;
				SWIFT_VERSION = 5.0;
				TARGETED_DEVICE_FAMILY = "1,2";
			};
			name = Release;
		};
/* End XCBuildConfiguration section */

/* Begin XCConfigurationList section */
		53BFE3062D86E45A009A1AED /* Build configuration list for PBXProject "map_app" */ = {
			isa = XCConfigurationList;
			buildConfigurations = (
				53BFE3172D86E45C009A1AED /* Debug */,
				53BFE3182D86E45C009A1AED /* Release */,
			);
			defaultConfigurationIsVisible = 0;
			defaultConfigurationName = Release;
		};
		53BFE3192D86E45C009A1AED /* Build configuration list for PBXNativeTarget "map_app" */ = {
			isa = XCConfigurationList;
			buildConfigurations = (
				53BFE31A2D86E45C009A1AED /* Debug */,
				53BFE31B2D86E45C009A1AED /* Release */,
			);
			defaultConfigurationIsVisible = 0;
			defaultConfigurationName = Release;
		};
/* End XCConfigurationList section */
	};
	rootObject = 53BFE3032D86E45A009A1AED /* Project object */;
}
